
Microsoft Visual Studio Solution File, Format Version 12.00
Project("{FAE04EC0-301F-11D3-BF4B-00C04F79EFBC}") = "prac19", "prac19.csproj", "{029F7278-DF17-4652-8FD9-E707D8059295}"
EndProject
Global
	GlobalSection(SolutionConfigurationPlatforms) = preSolution
		Debug|Any CPU = Debug|Any CPU
		Release|Any CPU = Release|Any CPU
	EndGlobalSection
	GlobalSection(ProjectConfigurationPlatforms) = postSolution
		{029F7278-DF17-4652-8FD9-E707D8059295}.Debug|Any CPU.ActiveCfg = Debug|Any CPU
		{029F7278-DF17-4652-8FD9-E707D8059295}.Debug|Any CPU.Build.0 = Debug|Any CPU
		{029F7278-DF17-4652-8FD9-E707D8059295}.Release|Any CPU.ActiveCfg = Release|Any CPU
		{029F7278-DF17-4652-8FD9-E707D8059295}.Release|Any CPU.Build.0 = Release|Any CPU
	EndGlobalSection
EndGlobal
